// !$*UTF8*$!
{
	archiveVersion = 1;
	classes = {
	};
	objectVersion = 56;
	objects = {

/* Begin PBXBuildFile section */
		2697722329380B2A00691366 /* AppDelegate.swift in Sources */ = {isa = PBXBuildFile; fileRef = 2697722229380B2A00691366 /* AppDelegate.swift */; };
		2697722C29380B2C00691366 /* Assets.xcassets in Resources */ = {isa = PBXBuildFile; fileRef = 2697722B29380B2C00691366 /* Assets.xcassets */; };
		2697722F29380B2C00691366 /* LaunchScreen.storyboard in Resources */ = {isa = PBXBuildFile; fileRef = 2697722D29380B2C00691366 /* LaunchScreen.storyboard */; };
		2697723929380C7600691366 /* Extension+Codable.swift in Sources */ = {isa = PBXBuildFile; fileRef = 2697723829380C7600691366 /* Extension+Codable.swift */; };
		2697723B29380C9000691366 /* Extension+UIApplication.swift in Sources */ = {isa = PBXBuildFile; fileRef = 2697723A29380C9000691366 /* Extension+UIApplication.swift */; };
		2697723D29380CA200691366 /* Extension+UINavigationController.swift in Sources */ = {isa = PBXBuildFile; fileRef = 2697723C29380CA200691366 /* Extension+UINavigationController.swift */; };
		2697723F29380CB200691366 /* Extension+UIViewController.swift in Sources */ = {isa = PBXBuildFile; fileRef = 2697723E29380CB200691366 /* Extension+UIViewController.swift */; };
		2697724129380E5700691366 /* Extension+UIView.swift in Sources */ = {isa = PBXBuildFile; fileRef = 2697724029380E5700691366 /* Extension+UIView.swift */; };
		2697724329380EBE00691366 /* Extension+UITableViewCell.swift in Sources */ = {isa = PBXBuildFile; fileRef = 2697724229380EBE00691366 /* Extension+UITableViewCell.swift */; };
		2697724529380EC800691366 /* Extension+UITableView.swift in Sources */ = {isa = PBXBuildFile; fileRef = 2697724429380EC800691366 /* Extension+UITableView.swift */; };
		2697724829380F2B00691366 /* IRouter.swift in Sources */ = {isa = PBXBuildFile; fileRef = 2697724729380F2B00691366 /* IRouter.swift */; };
/* End PBXBuildFile section */

/* Begin PBXFileReference section */
		2697721F29380B2A00691366 /* Image Machine.app */ = {isa = PBXFileReference; explicitFileType = wrapper.application; includeInIndex = 0; path = "Image Machine.app"; sourceTree = BUILT_PRODUCTS_DIR; };
		2697722229380B2A00691366 /* AppDelegate.swift */ = {isa = PBXFileReference; lastKnownFileType = sourcecode.swift; path = AppDelegate.swift; sourceTree = "<group>"; };
		2697722B29380B2C00691366 /* Assets.xcassets */ = {isa = PBXFileReference; lastKnownFileType = folder.assetcatalog; path = Assets.xcassets; sourceTree = "<group>"; };
		2697722E29380B2C00691366 /* Base */ = {isa = PBXFileReference; lastKnownFileType = file.storyboard; name = Base; path = Base.lproj/LaunchScreen.storyboard; sourceTree = "<group>"; };
		2697723029380B2C00691366 /* Info.plist */ = {isa = PBXFileReference; lastKnownFileType = text.plist.xml; path = Info.plist; sourceTree = "<group>"; };
		2697723829380C7600691366 /* Extension+Codable.swift */ = {isa = PBXFileReference; lastKnownFileType = sourcecode.swift; path = "Extension+Codable.swift"; sourceTree = "<group>"; };
		2697723A29380C9000691366 /* Extension+UIApplication.swift */ = {isa = PBXFileReference; lastKnownFileType = sourcecode.swift; path = "Extension+UIApplication.swift"; sourceTree = "<group>"; };
		2697723C29380CA200691366 /* Extension+UINavigationController.swift */ = {isa = PBXFileReference; lastKnownFileType = sourcecode.swift; path = "Extension+UINavigationController.swift"; sourceTree = "<group>"; };
		2697723E29380CB200691366 /* Extension+UIViewController.swift */ = {isa = PBXFileReference; lastKnownFileType = sourcecode.swift; path = "Extension+UIViewController.swift"; sourceTree = "<group>"; };
		2697724029380E5700691366 /* Extension+UIView.swift */ = {isa = PBXFileReference; lastKnownFileType = sourcecode.swift; path = "Extension+UIView.swift"; sourceTree = "<group>"; };
		2697724229380EBE00691366 /* Extension+UITableViewCell.swift */ = {isa = PBXFileReference; lastKnownFileType = sourcecode.swift; path = "Extension+UITableViewCell.swift"; sourceTree = "<group>"; };
		2697724429380EC800691366 /* Extension+UITableView.swift */ = {isa = PBXFileReference; lastKnownFileType = sourcecode.swift; path = "Extension+UITableView.swift"; sourceTree = "<group>"; };
		2697724729380F2B00691366 /* IRouter.swift */ = {isa = PBXFileReference; lastKnownFileType = sourcecode.swift; path = IRouter.swift; sourceTree = "<group>"; };
/* End PBXFileReference section */

/* Begin PBXFrameworksBuildPhase section */
		2697721C29380B2A00691366 /* Frameworks */ = {
			isa = PBXFrameworksBuildPhase;
			buildActionMask = 2147483647;
			files = (
			);
			runOnlyForDeploymentPostprocessing = 0;
		};
/* End PBXFrameworksBuildPhase section */

/* Begin PBXGroup section */
		2697721629380B2A00691366 = {
			isa = PBXGroup;
			children = (
				2697722129380B2A00691366 /* Image Machine */,
				2697722029380B2A00691366 /* Products */,
			);
			sourceTree = "<group>";
		};
		2697722029380B2A00691366 /* Products */ = {
			isa = PBXGroup;
			children = (
				2697721F29380B2A00691366 /* Image Machine.app */,
			);
			name = Products;
			sourceTree = "<group>";
		};
		2697722129380B2A00691366 /* Image Machine */ = {
			isa = PBXGroup;
			children = (
				2697723629380C1E00691366 /* Core */,
				2697722D29380B2C00691366 /* LaunchScreen.storyboard */,
				2697723029380B2C00691366 /* Info.plist */,
			);
			path = "Image Machine";
			sourceTree = "<group>";
		};
		2697723629380C1E00691366 /* Core */ = {
			isa = PBXGroup;
			children = (
				2697723729380C6700691366 /* Extension */,
				2697724629380F1E00691366 /* Router */,
				2697722229380B2A00691366 /* AppDelegate.swift */,
				2697722B29380B2C00691366 /* Assets.xcassets */,
			);
			path = Core;
			sourceTree = "<group>";
		};
		2697723729380C6700691366 /* Extension */ = {
			isa = PBXGroup;
			children = (
				2697723829380C7600691366 /* Extension+Codable.swift */,
				2697723A29380C9000691366 /* Extension+UIApplication.swift */,
				2697723C29380CA200691366 /* Extension+UINavigationController.swift */,
				2697723E29380CB200691366 /* Extension+UIViewController.swift */,
				2697724029380E5700691366 /* Extension+UIView.swift */,
				2697724229380EBE00691366 /* Extension+UITableViewCell.swift */,
				2697724429380EC800691366 /* Extension+UITableView.swift */,
			);
			path = Extension;
			sourceTree = "<group>";
		};
		2697724629380F1E00691366 /* Router */ = {
			isa = PBXGroup;
			children = (
				2697724729380F2B00691366 /* IRouter.swift */,
			);
			path = Router;
			sourceTree = "<group>";
		};
/* End PBXGroup section */

/* Begin PBXNativeTarget section */
		2697721E29380B2A00691366 /* Image Machine */ = {
			isa = PBXNativeTarget;
			buildConfigurationList = 2697723329380B2C00691366 /* Build configuration list for PBXNativeTarget "Image Machine" */;
			buildPhases = (
				2697721B29380B2A00691366 /* Sources */,
				2697721C29380B2A00691366 /* Frameworks */,
				2697721D29380B2A00691366 /* Resources */,
			);
			buildRules = (
			);
			dependencies = (
			);
			name = "Image Machine";
			productName = "Image Machine";
			productReference = 2697721F29380B2A00691366 /* Image Machine.app */;
			productType = "com.apple.product-type.application";
		};
/* End PBXNativeTarget section */

/* Begin PBXProject section */
		2697721729380B2A00691366 /* Project object */ = {
			isa = PBXProject;
			attributes = {
				BuildIndependentTargetsInParallel = 1;
				LastSwiftUpdateCheck = 1400;
				LastUpgradeCheck = 1400;
				TargetAttributes = {
					2697721E29380B2A00691366 = {
						CreatedOnToolsVersion = 14.0.1;
					};
				};
			};
			buildConfigurationList = 2697721A29380B2A00691366 /* Build configuration list for PBXProject "Image Machine" */;
			compatibilityVersion = "Xcode 14.0";
			developmentRegion = en;
			hasScannedForEncodings = 0;
			knownRegions = (
				en,
				Base,
			);
			mainGroup = 2697721629380B2A00691366;
			productRefGroup = 2697722029380B2A00691366 /* Products */;
			projectDirPath = "";
			projectRoot = "";
			targets = (
				2697721E29380B2A00691366 /* Image Machine */,
			);
		};
/* End PBXProject section */

/* Begin PBXResourcesBuildPhase section */
		2697721D29380B2A00691366 /* Resources */ = {
			isa = PBXResourcesBuildPhase;
			buildActionMask = 2147483647;
			files = (
				2697722F29380B2C00691366 /* LaunchScreen.storyboard in Resources */,
				2697722C29380B2C00691366 /* Assets.xcassets in Resources */,
			);
			runOnlyForDeploymentPostprocessing = 0;
		};
/* End PBXResourcesBuildPhase section */

/* Begin PBXSourcesBuildPhase section */
		2697721B29380B2A00691366 /* Sources */ = {
			isa = PBXSourcesBuildPhase;
			buildActionMask = 2147483647;
			files = (
				2697723929380C7600691366 /* Extension+Codable.swift in Sources */,
				2697723B29380C9000691366 /* Extension+UIApplication.swift in Sources */,
				2697724129380E5700691366 /* Extension+UIView.swift in Sources */,
				2697724829380F2B00691366 /* IRouter.swift in Sources */,
				2697724329380EBE00691366 /* Extension+UITableViewCell.swift in Sources */,
				2697722329380B2A00691366 /* AppDelegate.swift in Sources */,
				2697723F29380CB200691366 /* Extension+UIViewController.swift in Sources */,
				2697723D29380CA200691366 /* Extension+UINavigationController.swift in Sources */,
				2697724529380EC800691366 /* Extension+UITableView.swift in Sources */,
			);
			runOnlyForDeploymentPostprocessing = 0;
		};
/* End PBXSourcesBuildPhase section */

/* Begin PBXVariantGroup section */
		2697722D29380B2C00691366 /* LaunchScreen.storyboard */ = {
			isa = PBXVariantGroup;
			children = (
				2697722E29380B2C00691366 /* Base */,
			);
			name = LaunchScreen.storyboard;
			sourceTree = "<group>";
		};
/* End PBXVariantGroup section */

/* Begin XCBuildConfiguration section */
		2697723129380B2C00691366 /* Debug */ = {
			isa = XCBuildConfiguration;
			buildSettings = {
				ALWAYS_SEARCH_USER_PATHS = NO;
				CLANG_ANALYZER_NONNULL = YES;
				CLANG_ANALYZER_NUMBER_OBJECT_CONVERSION = YES_AGGRESSIVE;
				CLANG_CXX_LANGUAGE_STANDARD = "gnu++20";
				CLANG_ENABLE_MODULES = YES;
				CLANG_ENABLE_OBJC_ARC = YES;
				CLANG_ENABLE_OBJC_WEAK = YES;
				CLANG_WARN_BLOCK_CAPTURE_AUTORELEASING = YES;
				CLANG_WARN_BOOL_CONVERSION = YES;
				CLANG_WARN_COMMA = YES;
				CLANG_WARN_CONSTANT_CONVERSION = YES;
				CLANG_WARN_DEPRECATED_OBJC_IMPLEMENTATIONS = YES;
				CLANG_WARN_DIRECT_OBJC_ISA_USAGE = YES_ERROR;
				CLANG_WARN_DOCUMENTATION_COMMENTS = YES;
				CLANG_WARN_EMPTY_BODY = YES;
				CLANG_WARN_ENUM_CONVERSION = YES;
				CLANG_WARN_INFINITE_RECURSION = YES;
				CLANG_WARN_INT_CONVERSION = YES;
				CLANG_WARN_NON_LITERAL_NULL_CONVERSION = YES;
				CLANG_WARN_OBJC_IMPLICIT_RETAIN_SELF = YES;
				CLANG_WARN_OBJC_LITERAL_CONVERSION = YES;
				CLANG_WARN_OBJC_ROOT_CLASS = YES_ERROR;
				CLANG_WARN_QUOTED_INCLUDE_IN_FRAMEWORK_HEADER = YES;
				CLANG_WARN_RANGE_LOOP_ANALYSIS = YES;
				CLANG_WARN_STRICT_PROTOTYPES = YES;
				CLANG_WARN_SUSPICIOUS_MOVE = YES;
				CLANG_WARN_UNGUARDED_AVAILABILITY = YES_AGGRESSIVE;
				CLANG_WARN_UNREACHABLE_CODE = YES;
				CLANG_WARN__DUPLICATE_METHOD_MATCH = YES;
				COPY_PHASE_STRIP = NO;
				DEBUG_INFORMATION_FORMAT = dwarf;
				ENABLE_STRICT_OBJC_MSGSEND = YES;
				ENABLE_TESTABILITY = YES;
				GCC_C_LANGUAGE_STANDARD = gnu11;
				GCC_DYNAMIC_NO_PIC = NO;
				GCC_NO_COMMON_BLOCKS = YES;
				GCC_OPTIMIZATION_LEVEL = 0;
				GCC_PREPROCESSOR_DEFINITIONS = (
					"DEBUG=1",
					"$(inherited)",
				);
				GCC_WARN_64_TO_32_BIT_CONVERSION = YES;
				GCC_WARN_ABOUT_RETURN_TYPE = YES_ERROR;
				GCC_WARN_UNDECLARED_SELECTOR = YES;
				GCC_WARN_UNINITIALIZED_AUTOS = YES_AGGRESSIVE;
				GCC_WARN_UNUSED_FUNCTION = YES;
				GCC_WARN_UNUSED_VARIABLE = YES;
				IPHONEOS_DEPLOYMENT_TARGET = 16.0;
				MTL_ENABLE_DEBUG_INFO = INCLUDE_SOURCE;
				MTL_FAST_MATH = YES;
				ONLY_ACTIVE_ARCH = YES;
				SDKROOT = iphoneos;
				SWIFT_ACTIVE_COMPILATION_CONDITIONS = DEBUG;
				SWIFT_OPTIMIZATION_LEVEL = "-Onone";
			};
			name = Debug;
		};
		2697723229380B2C00691366 /* Release */ = {
			isa = XCBuildConfiguration;
			buildSettings = {
				ALWAYS_SEARCH_USER_PATHS = NO;
				CLANG_ANALYZER_NONNULL = YES;
				CLANG_ANALYZER_NUMBER_OBJECT_CONVERSION = YES_AGGRESSIVE;
				CLANG_CXX_LANGUAGE_STANDARD = "gnu++20";
				CLANG_ENABLE_MODULES = YES;
				CLANG_ENABLE_OBJC_ARC = YES;
				CLANG_ENABLE_OBJC_WEAK = YES;
				CLANG_WARN_BLOCK_CAPTURE_AUTORELEASING = YES;
				CLANG_WARN_BOOL_CONVERSION = YES;
				CLANG_WARN_COMMA = YES;
				CLANG_WARN_CONSTANT_CONVERSION = YES;
				CLANG_WARN_DEPRECATED_OBJC_IMPLEMENTATIONS = YES;
				CLANG_WARN_DIRECT_OBJC_ISA_USAGE = YES_ERROR;
				CLANG_WARN_DOCUMENTATION_COMMENTS = YES;
				CLANG_WARN_EMPTY_BODY = YES;
				CLANG_WARN_ENUM_CONVERSION = YES;
				CLANG_WARN_INFINITE_RECURSION = YES;
				CLANG_WARN_INT_CONVERSION = YES;
				CLANG_WARN_NON_LITERAL_NULL_CONVERSION = YES;
				CLANG_WARN_OBJC_IMPLICIT_RETAIN_SELF = YES;
				CLANG_WARN_OBJC_LITERAL_CONVERSION = YES;
				CLANG_WARN_OBJC_ROOT_CLASS = YES_ERROR;
				CLANG_WARN_QUOTED_INCLUDE_IN_FRAMEWORK_HEADER = YES;
				CLANG_WARN_RANGE_LOOP_ANALYSIS = YES;
				CLANG_WARN_STRICT_PROTOTYPES = YES;
				CLANG_WARN_SUSPICIOUS_MOVE = YES;
				CLANG_WARN_UNGUARDED_AVAILABILITY = YES_AGGRESSIVE;
				CLANG_WARN_UNREACHABLE_CODE = YES;
				CLANG_WARN__DUPLICATE_METHOD_MATCH = YES;
				COPY_PHASE_STRIP = NO;
				DEBUG_INFORMATION_FORMAT = "dwarf-with-dsym";
				ENABLE_NS_ASSERTIONS = NO;
				ENABLE_STRICT_OBJC_MSGSEND = YES;
				GCC_C_LANGUAGE_STANDARD = gnu11;
				GCC_NO_COMMON_BLOCKS = YES;
				GCC_WARN_64_TO_32_BIT_CONVERSION = YES;
				GCC_WARN_ABOUT_RETURN_TYPE = YES_ERROR;
				GCC_WARN_UNDECLARED_SELECTOR = YES;
				GCC_WARN_UNINITIALIZED_AUTOS = YES_AGGRESSIVE;
				GCC_WARN_UNUSED_FUNCTION = YES;
				GCC_WARN_UNUSED_VARIABLE = YES;
				IPHONEOS_DEPLOYMENT_TARGET = 16.0;
				MTL_ENABLE_DEBUG_INFO = NO;
				MTL_FAST_MATH = YES;
				SDKROOT = iphoneos;
				SWIFT_COMPILATION_MODE = wholemodule;
				SWIFT_OPTIMIZATION_LEVEL = "-O";
				VALIDATE_PRODUCT = YES;
			};
			name = Release;
		};
		2697723429380B2C00691366 /* Debug */ = {
			isa = XCBuildConfiguration;
			buildSettings = {
				ASSETCATALOG_COMPILER_APPICON_NAME = AppIcon;
				ASSETCATALOG_COMPILER_GLOBAL_ACCENT_COLOR_NAME = AccentColor;
				CODE_SIGN_STYLE = Automatic;
				CURRENT_PROJECT_VERSION = 1;
				DEVELOPMENT_TEAM = 6MERJ8ZW37;
				GENERATE_INFOPLIST_FILE = YES;
				INFOPLIST_FILE = "Image Machine/Info.plist";
				INFOPLIST_KEY_UIApplicationSupportsIndirectInputEvents = YES;
				INFOPLIST_KEY_UILaunchStoryboardName = LaunchScreen;
				INFOPLIST_KEY_UISupportedInterfaceOrientations = UIInterfaceOrientationPortrait;
				LD_RUNPATH_SEARCH_PATHS = (
					"$(inherited)",
					"@executable_path/Frameworks",
				);
				MARKETING_VERSION = 1.0;
				PRODUCT_BUNDLE_IDENTIFIER = "com.Image-Machine";
				PRODUCT_NAME = "$(TARGET_NAME)";
				SWIFT_EMIT_LOC_STRINGS = YES;
				SWIFT_VERSION = 5.0;
				TARGETED_DEVICE_FAMILY = "1,2";
			};
			name = Debug;
		};
		2697723529380B2C00691366 /* Release */ = {
			isa = XCBuildConfiguration;
			buildSettings = {
				ASSETCATALOG_COMPILER_APPICON_NAME = AppIcon;
				ASSETCATALOG_COMPILER_GLOBAL_ACCENT_COLOR_NAME = AccentColor;
				CODE_SIGN_STYLE = Automatic;
				CURRENT_PROJECT_VERSION = 1;
				DEVELOPMENT_TEAM = 6MERJ8ZW37;
				GENERATE_INFOPLIST_FILE = YES;
				INFOPLIST_FILE = "Image Machine/Info.plist";
				INFOPLIST_KEY_UIApplicationSupportsIndirectInputEvents = YES;
				INFOPLIST_KEY_UILaunchStoryboardName = LaunchScreen;
				INFOPLIST_KEY_UISupportedInterfaceOrientations = UIInterfaceOrientationPortrait;
				LD_RUNPATH_SEARCH_PATHS = (
					"$(inherited)",
					"@executable_path/Frameworks",
				);
				MARKETING_VERSION = 1.0;
				PRODUCT_BUNDLE_IDENTIFIER = "com.Image-Machine";
				PRODUCT_NAME = "$(TARGET_NAME)";
				SWIFT_EMIT_LOC_STRINGS = YES;
				SWIFT_VERSION = 5.0;
				TARGETED_DEVICE_FAMILY = "1,2";
			};
			name = Release;
		};
/* End XCBuildConfiguration section */

/* Begin XCConfigurationList section */
		2697721A29380B2A00691366 /* Build configuration list for PBXProject "Image Machine" */ = {
			isa = XCConfigurationList;
			buildConfigurations = (
				2697723129380B2C00691366 /* Debug */,
				2697723229380B2C00691366 /* Release */,
			);
			defaultConfigurationIsVisible = 0;
			defaultConfigurationName = Release;
		};
		2697723329380B2C00691366 /* Build configuration list for PBXNativeTarget "Image Machine" */ = {
			isa = XCConfigurationList;
			buildConfigurations = (
				2697723429380B2C00691366 /* Debug */,
				2697723529380B2C00691366 /* Release */,
			);
			defaultConfigurationIsVisible = 0;
			defaultConfigurationName = Release;
		};
/* End XCConfigurationList section */
	};
	rootObject = 2697721729380B2A00691366 /* Project object */;
}
